PODS:
  - Alamofire (4.4.0)
  - GRMustache.swift (2.0.0)
  - idn_sdk_ios (0.8.3):
    - Alamofire (~> 4.4)
    - MBProgressHUD
    - SwiftyJSON
  - MBProgressHUD (1.0.0)
  - Realm (2.4.4):
    - Realm/Headers (= 2.4.4)
  - Realm/Headers (2.4.4)
  - RealmSwift (2.4.4):
    - Realm (= 2.4.4)
  - SwiftyJSON (3.1.4)

DEPENDENCIES:
  - GRMustache.swift
  - idn_sdk_ios (~> 0.8.3)
  - RealmSwift

SPEC CHECKSUMS:
  Alamofire: dc44b1600b800eb63da6a19039a0083d62a6a62d
  GRMustache.swift: 8a547c12bea16052071b2b540af83d770075f0eb
  idn_sdk_ios: 75c5cbe19fb6c234b5672fad25a5652e9cbcd54f
  MBProgressHUD: 4890f671c94e8a0f3cf959aa731e9de2f036d71a
  Realm: 5a280a1f5a9a3c267bebf4f41ee47911137703d7
  RealmSwift: 0c02b9f2d4be4301c497ed10e53a0580584eb1dd
  SwiftyJSON: c2842d878f95482ffceec5709abc3d05680c0220

PODFILE CHECKSUM: 65ac7936ade4a209727de1de68fd267af6c3ed53

COCOAPODS: 1.1.1
